# This file is automatically @generated by Cargo.
# It is not intended for manual editing.
version = 3

[[package]]
name = "fibonacci"
version = "0.1.0"

[[package]]
name = "for_loop_example"
version = "0.1.0"

[[package]]
name = "hello_world"
version = "0.1.0"

[[package]]
name = "if_condition"
version = "0.1.0"

[[package]]
name = "mergeandsort"
version = "0.1.0"
